
Microsoft Visual Studio Solution File, Format Version 12.00
# Visual Studio 14
VisualStudioVersion = 14.0.25420.1
MinimumVisualStudioVersion = 10.0.40219.1
Project("{FAE04EC0-301F-11D3-BF4B-00C04F79EFBC}") = "BigDataSmartSolutions.Web", "BigDataSmartSolutions.Web\BigDataSmartSolutions.Web.csproj", "{5C2E9B8C-0489-4DF7-B737-588A2B939EAE}"
EndProject
Project("{FAE04EC0-301F-11D3-BF4B-00C04F79EFBC}") = "BigDataSmartSolutions.Web.Tests", "BigDataSmartSolutions.Web.Tests\BigDataSmartSolutions.Web.Tests.csproj", "{539B6A2B-6669-4397-A706-3EA2AED361A7}"
EndProject
Global
	GlobalSection(SolutionConfigurationPlatforms) = preSolution
		Debug|Any CPU = Debug|Any CPU
		Release|Any CPU = Release|Any CPU
	EndGlobalSection
	GlobalSection(ProjectConfigurationPlatforms) = postSolution
		{5C2E9B8C-0489-4DF7-B737-588A2B939EAE}.Debug|Any CPU.ActiveCfg = Debug|Any CPU
		{5C2E9B8C-0489-4DF7-B737-588A2B939EAE}.Debug|Any CPU.Build.0 = Debug|Any CPU
		{5C2E9B8C-0489-4DF7-B737-588A2B939EAE}.Release|Any CPU.ActiveCfg = Release|Any CPU
		{5C2E9B8C-0489-4DF7-B737-588A2B939EAE}.Release|Any CPU.Build.0 = Release|Any CPU
		{539B6A2B-6669-4397-A706-3EA2AED361A7}.Debug|Any CPU.ActiveCfg = Debug|Any CPU
		{539B6A2B-6669-4397-A706-3EA2AED361A7}.Debug|Any CPU.Build.0 = Debug|Any CPU
		{539B6A2B-6669-4397-A706-3EA2AED361A7}.Release|Any CPU.ActiveCfg = Release|Any CPU
		{539B6A2B-6669-4397-A706-3EA2AED361A7}.Release|Any CPU.Build.0 = Release|Any CPU
	EndGlobalSection
	GlobalSection(SolutionProperties) = preSolution
		HideSolutionNode = FALSE
	EndGlobalSection
EndGlobal
